Microsoft Visual Studio Solution File, Format Version 12.00
# Visual Studio Version 17
VisualStudioVersion = 17.5.2.0
MinimumVisualStudioVersion = 10.0.40219.1
Project("{FAE04EC0-301F-11D3-BF4B-00C04F79EFBC}") = "ReceitasApi", "ReceitasApi.csproj", "{79496327-7D8A-9708-9104-4B79F05F6EFE}"
EndProject
Global
	GlobalSection(SolutionConfigurationPlatforms) = preSolution
		Debug|Any CPU = Debug|Any CPU
		Release|Any CPU = Release|Any CPU
	EndGlobalSection
	GlobalSection(ProjectConfigurationPlatforms) = postSolution
		{79496327-7D8A-9708-9104-4B79F05F6EFE}.Debug|Any CPU.ActiveCfg = Debug|Any CPU
		{79496327-7D8A-9708-9104-4B79F05F6EFE}.Debug|Any CPU.Build.0 = Debug|Any CPU
		{79496327-7D8A-9708-9104-4B79F05F6EFE}.Release|Any CPU.ActiveCfg = Release|Any CPU
		{79496327-7D8A-9708-9104-4B79F05F6EFE}.Release|Any CPU.Build.0 = Release|Any CPU
	EndGlobalSection
	GlobalSection(SolutionProperties) = preSolution
		HideSolutionNode = FALSE
	EndGlobalSection
	GlobalSection(ExtensibilityGlobals) = postSolution
		SolutionGuid = {A1681472-79AD-4D43-9E57-52CE41076132}
	EndGlobalSection
EndGlobal
